<?xml version="1.0" encoding="utf-8"?>
<Project ToolsVersion="4.0" xmlns="http://schemas.microsoft.com/developer/msbuild/2003">
  <ItemGroup>
    <Filter Include="Source Files">
      <UniqueIdentifier>{4FC737F1-C7A5-4376-A066-2A32D752A2FF}</UniqueIdentifier>
      <Extensions>cpp;c;cc;cxx;c++;cppm;ixx;def;odl;idl;hpj;bat;asm;asmx</Extensions>
    </Filter>
    <Filter Include="Header Files">
      <UniqueIdentifier>{93995380-89BD-4b04-88EB-625FBE52EBFB}</UniqueIdentifier>
      <Extensions>h;hh;hpp;hxx;h++;hm;inl;inc;ipp;xsd</Extensions>
    </Filter>
    <Filter Include="Resource Files">
      <UniqueIdentifier>{67DA6AB6-F800-4c08-8B7A-83BB121AAD01}</UniqueIdentifier>
      <Extensions>rc;ico;cur;bmp;dlg;rc2;rct;bin;rgs;gif;jpg;jpeg;jpe;resx;tiff;tif;png;wav;mfcribbon-ms</Extensions>
    </Filter>
  </ItemGroup>
  <ItemGroup>
    <ClInclude Include="PEngine.h">
      <Filter>Source Files</Filter>
    </ClInclude>
    <ClInclude Include="Singleton.h">
      <Filter>Source Files</Filter>
    </ClInclude>
    <ClInclude Include="pch.h">
      <Filter>Source Files</Filter>
    </ClInclude>
    <ClInclude Include="d3dx12.h">
      <Filter>Source Files</Filter>
    </ClInclude>
    <ClInclude Include="PWindow.h">
      <Filter>Source Files</Filter>
    </ClInclude>
    <ClInclude Include="PUtility.h">
      <Filter>Source Files</Filter>
    </ClInclude>
    <ClInclude Include="PCommonData.h">
      <Filter>Source Files</Filter>
    </ClInclude>
    <ClInclude Include="PScene.h">
      <Filter>Source Files</Filter>
    </ClInclude>
    <ClInclude Include="PStaticMesh.h">
      <Filter>Source Files</Filter>
    </ClInclude>
    <ClInclude Include="PGameTimer.h">
      <Filter>Source Files</Filter>
    </ClInclude>
    <ClInclude Include="Transform.h">
      <Filter>Header Files</Filter>
    </ClInclude>
    <ClInclude Include="DxException.h">
      <Filter>Header Files</Filter>
    </ClInclude>
    <ClInclude Include="PThread.h">
      <Filter>Header Files</Filter>
    </ClInclude>
    <ClInclude Include="PRenderThread.h">
      <Filter>Header Files</Filter>
    </ClInclude>
    <ClInclude Include="PTask.h">
      <Filter>Header Files</Filter>
    </ClInclude>
    <ClInclude Include="GraphicsContext.h">
      <Filter>Header Files</Filter>
    </ClInclude>
    <ClInclude Include="PRenderScene.h">
      <Filter>Header Files</Filter>
    </ClInclude>
    <ClInclude Include="PCamera.h">
      <Filter>Header Files</Filter>
    </ClInclude>
    <ClInclude Include="UploadBuffer.h">
      <Filter>Header Files</Filter>
    </ClInclude>
    <ClInclude Include="PCameraController.h">
      <Filter>Header Files</Filter>
    </ClInclude>
    <ClInclude Include="PEditor.h">
      <Filter>Header Files</Filter>
    </ClInclude>
    <ClInclude Include="Json\json\json.h">
      <Filter>Header Files</Filter>
    </ClInclude>
    <ClInclude Include="Json\json\json-forwards.h">
      <Filter>Header Files</Filter>
    </ClInclude>
    <ClInclude Include="RHI\PGPUResource.h">
      <Filter>Header Files</Filter>
    </ClInclude>
    <ClInclude Include="RHI\PShader.h">
      <Filter>Header Files</Filter>
    </ClInclude>
    <ClInclude Include="RHI\PShaderManager.h">
      <Filter>Header Files</Filter>
    </ClInclude>
    <ClInclude Include="RHI\PMaterial.h">
      <Filter>Header Files</Filter>
    </ClInclude>
    <ClInclude Include="PAssetManager.h">
      <Filter>Header Files</Filter>
    </ClInclude>
    <ClInclude Include="PActor.h">
      <Filter>Header Files</Filter>
    </ClInclude>
    <ClInclude Include="PInput.h">
      <Filter>Header Files</Filter>
    </ClInclude>
    <ClInclude Include="RHI\PGPUBuffer.h">
      <Filter>Header Files</Filter>
    </ClInclude>
    <ClInclude Include="DDSTextureLoader.h">
      <Filter>Header Files</Filter>
    </ClInclude>
    <ClInclude Include="RHI\PTexture.h">
      <Filter>Header Files</Filter>
    </ClInclude>
    <ClInclude Include="RHI\PDX12RHI.h">
      <Filter>Header Files</Filter>
    </ClInclude>
    <ClInclude Include="RHI\PRHI.h">
      <Filter>Header Files</Filter>
    </ClInclude>
  </ItemGroup>
  <ItemGroup>
    <ClCompile Include="PEngine.cpp">
      <Filter>Source Files</Filter>
    </ClCompile>
    <ClCompile Include="main.cpp">
      <Filter>Source Files</Filter>
    </ClCompile>
    <ClCompile Include="PWindow.cpp">
      <Filter>Source Files</Filter>
    </ClCompile>
    <ClCompile Include="PScene.cpp">
      <Filter>Source Files</Filter>
    </ClCompile>
    <ClCompile Include="PGameTimer.cpp">
      <Filter>Source Files</Filter>
    </ClCompile>
    <ClCompile Include="pch.cpp">
      <Filter>Source Files</Filter>
    </ClCompile>
    <ClCompile Include="DxException.cpp">
      <Filter>Source Files</Filter>
    </ClCompile>
    <ClCompile Include="PThread.cpp">
      <Filter>Source Files</Filter>
    </ClCompile>
    <ClCompile Include="PRenderThread.cpp">
      <Filter>Source Files</Filter>
    </ClCompile>
    <ClCompile Include="PTask.cpp">
      <Filter>Source Files</Filter>
    </ClCompile>
    <ClCompile Include="PStaticMesh.cpp">
      <Filter>Source Files</Filter>
    </ClCompile>
    <ClCompile Include="GraphicsContext.cpp">
      <Filter>Source Files</Filter>
    </ClCompile>
    <ClCompile Include="PRenderScene.cpp">
      <Filter>Source Files</Filter>
    </ClCompile>
    <ClCompile Include="PCamera.cpp">
      <Filter>Source Files</Filter>
    </ClCompile>
    <ClCompile Include="PCameraController.cpp">
      <Filter>Source Files</Filter>
    </ClCompile>
    <ClCompile Include="PEditor.cpp">
      <Filter>Source Files</Filter>
    </ClCompile>
    <ClCompile Include="Json\jsoncpp.cpp">
      <Filter>Source Files</Filter>
    </ClCompile>
    <ClCompile Include="RHI\PGPUResource.cpp">
      <Filter>Source Files</Filter>
    </ClCompile>
    <ClCompile Include="RHI\PShader.cpp">
      <Filter>Source Files</Filter>
    </ClCompile>
    <ClCompile Include="RHI\PShaderManager.cpp">
      <Filter>Source Files</Filter>
    </ClCompile>
    <ClCompile Include="RHI\PMaterial.cpp">
      <Filter>Source Files</Filter>
    </ClCompile>
    <ClCompile Include="PAssetManager.cpp">
      <Filter>Source Files</Filter>
    </ClCompile>
    <ClCompile Include="PActor.cpp">
      <Filter>Source Files</Filter>
    </ClCompile>
    <ClCompile Include="PInput.cpp">
      <Filter>Source Files</Filter>
    </ClCompile>
    <ClCompile Include="RHI\PGPUBuffer.cpp">
      <Filter>Source Files</Filter>
    </ClCompile>
    <ClCompile Include="DDSTextureLoader.cpp">
      <Filter>Source Files</Filter>
    </ClCompile>
    <ClCompile Include="RHI\PTexture.cpp">
      <Filter>Source Files</Filter>
    </ClCompile>
    <ClCompile Include="RHI\PDX12RHI.cpp">
      <Filter>Source Files</Filter>
    </ClCompile>
    <ClCompile Include="RHI\PRHI.cpp">
      <Filter>Source Files</Filter>
    </ClCompile>
  </ItemGroup>
</Project>